<?xml version="1.0" encoding="utf-8"?>
<Project ToolsVersion="4.0" xmlns="http://schemas.microsoft.com/developer/msbuild/2003">
  <ItemGroup>
    <Filter Include="소스 파일">
      <UniqueIdentifier>{4FC737F1-C7A5-4376-A066-2A32D752A2FF}</UniqueIdentifier>
      <Extensions>cpp;c;cc;cxx;def;odl;idl;hpj;bat;asm;asmx</Extensions>
    </Filter>
    <Filter Include="헤더 파일">
      <UniqueIdentifier>{93995380-89BD-4b04-88EB-625FBE52EBFB}</UniqueIdentifier>
      <Extensions>h;hh;hpp;hxx;hm;inl;inc;xsd</Extensions>
    </Filter>
    <Filter Include="00. MainGame">
      <UniqueIdentifier>{b9c448c8-06e6-4a36-8df4-5e9dcadacf5f}</UniqueIdentifier>
    </Filter>
    <Filter Include="01. Obj">
      <UniqueIdentifier>{5ef40d1f-7706-448b-bcff-b647cfb55375}</UniqueIdentifier>
    </Filter>
    <Filter Include="01. Obj\00. Player">
      <UniqueIdentifier>{3d3f9bdc-869a-437d-98e0-9966f4c13ecb}</UniqueIdentifier>
    </Filter>
    <Filter Include="02. Managers">
      <UniqueIdentifier>{117fa922-01ea-4c15-bd12-7d36cc62cdda}</UniqueIdentifier>
    </Filter>
    <Filter Include="01. Obj\01. Mouse">
      <UniqueIdentifier>{09e97ea8-d318-4ec7-ba0e-27e3edf74c57}</UniqueIdentifier>
    </Filter>
    <Filter Include="02. Managers\01. ObjMgr">
      <UniqueIdentifier>{36494ace-39ff-4780-9a81-4fce3ba6f30a}</UniqueIdentifier>
    </Filter>
    <Filter Include="02. Managers\02. KeyMgr">
      <UniqueIdentifier>{f0385a93-bf16-4a3e-85fa-d6df6827564d}</UniqueIdentifier>
    </Filter>
    <Filter Include="02. Managers\03. LineMgr">
      <UniqueIdentifier>{8b0e3823-f270-4ca4-9e06-b1695b1b2177}</UniqueIdentifier>
    </Filter>
    <Filter Include="02. Managers\03. LineMgr\Line">
      <UniqueIdentifier>{74409c16-aaed-4c54-854c-f3c084a3565e}</UniqueIdentifier>
    </Filter>
    <Filter Include="02. Managers\리소스 파일">
      <UniqueIdentifier>{67DA6AB6-F800-4c08-8B7A-83BB121AAD01}</UniqueIdentifier>
      <Extensions>rc;ico;cur;bmp;dlg;rc2;rct;bin;rgs;gif;jpg;jpeg;jpe;resx;tiff;tif;png;wav;mfcribbon-ms</Extensions>
    </Filter>
    <Filter Include="02. Managers\04. BmpMgr">
      <UniqueIdentifier>{369d8de0-b645-4785-9136-8c7a97481ae9}</UniqueIdentifier>
    </Filter>
    <Filter Include="02. Managers\04. BmpMgr\MyBmp">
      <UniqueIdentifier>{74baf175-48a2-4580-865e-54f0a538a1e9}</UniqueIdentifier>
    </Filter>
    <Filter Include="01. Obj\02. Weapon">
      <UniqueIdentifier>{0460b19f-09a9-4dac-acd2-976a30ba4267}</UniqueIdentifier>
    </Filter>
    <Filter Include="01. Obj\02. Weapon\00. Sword">
      <UniqueIdentifier>{fb8380dd-14af-4b4d-aa4b-e5300d03ea02}</UniqueIdentifier>
    </Filter>
    <Filter Include="02. Managers\05. ScrollMgr">
      <UniqueIdentifier>{285541cb-0c1e-4922-8c8b-ea64fe0298be}</UniqueIdentifier>
    </Filter>
    <Filter Include="01. Obj\03. Boss">
      <UniqueIdentifier>{88869e35-398b-4646-bbfe-94e677f680d5}</UniqueIdentifier>
    </Filter>
    <Filter Include="02. Managers\06. CollisionMgr">
      <UniqueIdentifier>{e2d476f9-5a44-4fa7-828a-0c80cd528814}</UniqueIdentifier>
    </Filter>
    <Filter Include="02. Managers\07. SceneMgr">
      <UniqueIdentifier>{894171b8-0e30-4031-bab2-715955222ceb}</UniqueIdentifier>
    </Filter>
    <Filter Include="01. Obj\04. Box">
      <UniqueIdentifier>{082d9c6c-7d2e-497c-b932-87f01b04bf1b}</UniqueIdentifier>
    </Filter>
    <Filter Include="01. Obj\05. Button">
      <UniqueIdentifier>{b5421219-5e4d-4808-9ba0-3438d121c12c}</UniqueIdentifier>
    </Filter>
    <Filter Include="03. Scene">
      <UniqueIdentifier>{7fd1ef7e-7162-41ab-b47c-ee94e9f6b620}</UniqueIdentifier>
    </Filter>
    <Filter Include="03. Scene\01. Menu">
      <UniqueIdentifier>{3dfd36f0-d7c2-45e6-9c64-ab62e97e1383}</UniqueIdentifier>
    </Filter>
    <Filter Include="03. Scene\02. Stage">
      <UniqueIdentifier>{477a179e-d501-4ab7-a67f-f776aae8f5af}</UniqueIdentifier>
    </Filter>
    <Filter Include="02. Managers\00. AbstractFactory">
      <UniqueIdentifier>{740ed8e4-2fba-41b3-9f2f-41c4119cd702}</UniqueIdentifier>
    </Filter>
    <Filter Include="01. Obj\03. Boss\00. BossLeftArm">
      <UniqueIdentifier>{6404ef89-e011-4ff1-91e6-87838dfced97}</UniqueIdentifier>
    </Filter>
    <Filter Include="01. Obj\03. Boss\01. BossRightArm">
      <UniqueIdentifier>{a5b27d85-9524-4f94-b3bb-7871b572790e}</UniqueIdentifier>
    </Filter>
    <Filter Include="01. Obj\06. Bullet">
      <UniqueIdentifier>{bfce6a05-fabe-4cb6-a25f-4ff9359fe392}</UniqueIdentifier>
    </Filter>
    <Filter Include="02. Managers\08. SoundMgr">
      <UniqueIdentifier>{d7846805-f035-423c-9e87-40bb599a23c9}</UniqueIdentifier>
    </Filter>
  </ItemGroup>
  <ItemGroup>
    <Text Include="ReadMe.txt" />
  </ItemGroup>
  <ItemGroup>
    <ClInclude Include="stdafx.h">
      <Filter>헤더 파일</Filter>
    </ClInclude>
    <ClInclude Include="targetver.h">
      <Filter>헤더 파일</Filter>
    </ClInclude>
    <ClInclude Include="DefaultWindow.h">
      <Filter>헤더 파일</Filter>
    </ClInclude>
    <ClInclude Include="MainGame.h">
      <Filter>00. MainGame</Filter>
    </ClInclude>
    <ClInclude Include="Define.h">
      <Filter>헤더 파일</Filter>
    </ClInclude>
    <ClInclude Include="Obj.h">
      <Filter>01. Obj</Filter>
    </ClInclude>
    <ClInclude Include="Player.h">
      <Filter>01. Obj\00. Player</Filter>
    </ClInclude>
    <ClInclude Include="KeyMgr.h">
      <Filter>02. Managers\02. KeyMgr</Filter>
    </ClInclude>
    <ClInclude Include="LineMgr.h">
      <Filter>02. Managers\03. LineMgr</Filter>
    </ClInclude>
    <ClInclude Include="Mouse.h">
      <Filter>01. Obj\01. Mouse</Filter>
    </ClInclude>
    <ClInclude Include="BmpMgr.h">
      <Filter>02. Managers\04. BmpMgr</Filter>
    </ClInclude>
    <ClInclude Include="MyBmp.h">
      <Filter>02. Managers\04. BmpMgr\MyBmp</Filter>
    </ClInclude>
    <ClInclude Include="Weapon.h">
      <Filter>01. Obj\02. Weapon</Filter>
    </ClInclude>
    <ClInclude Include="Sword.h">
      <Filter>01. Obj\02. Weapon\00. Sword</Filter>
    </ClInclude>
    <ClInclude Include="ScrollMgr.h">
      <Filter>02. Managers\05. ScrollMgr</Filter>
    </ClInclude>
    <ClInclude Include="Line.h">
      <Filter>02. Managers\03. LineMgr</Filter>
    </ClInclude>
    <ClInclude Include="Boss.h">
      <Filter>01. Obj\03. Boss</Filter>
    </ClInclude>
    <ClInclude Include="CollisionMgr.h">
      <Filter>02. Managers\06. CollisionMgr</Filter>
    </ClInclude>
    <ClInclude Include="SceneMgr.h">
      <Filter>02. Managers\07. SceneMgr</Filter>
    </ClInclude>
    <ClInclude Include="Box.h">
      <Filter>01. Obj\04. Box</Filter>
    </ClInclude>
    <ClInclude Include="MyButton.h">
      <Filter>01. Obj\05. Button</Filter>
    </ClInclude>
    <ClInclude Include="Scene.h">
      <Filter>03. Scene</Filter>
    </ClInclude>
    <ClInclude Include="MyMenu.h">
      <Filter>03. Scene\01. Menu</Filter>
    </ClInclude>
    <ClInclude Include="Stage1.h">
      <Filter>03. Scene\02. Stage</Filter>
    </ClInclude>
    <ClInclude Include="ObjMgr.h">
      <Filter>02. Managers\01. ObjMgr</Filter>
    </ClInclude>
    <ClInclude Include="Resource.h">
      <Filter>헤더 파일</Filter>
    </ClInclude>
    <ClInclude Include="AbstractFactory.h">
      <Filter>02. Managers\00. AbstractFactory</Filter>
    </ClInclude>
    <ClInclude Include="BossLeftArm.h">
      <Filter>01. Obj\03. Boss\00. BossLeftArm</Filter>
    </ClInclude>
    <ClInclude Include="BossRightArm.h">
      <Filter>01. Obj\03. Boss\01. BossRightArm</Filter>
    </ClInclude>
    <ClInclude Include="Vector2D.h">
      <Filter>헤더 파일</Filter>
    </ClInclude>
    <ClInclude Include="Bullet.h">
      <Filter>01. Obj\06. Bullet</Filter>
    </ClInclude>
    <ClInclude Include="SoundMgr.h">
      <Filter>02. Managers\08. SoundMgr</Filter>
    </ClInclude>
  </ItemGroup>
  <ItemGroup>
    <ClCompile Include="stdafx.cpp">
      <Filter>소스 파일</Filter>
    </ClCompile>
    <ClCompile Include="DefaultWindow.cpp">
      <Filter>소스 파일</Filter>
    </ClCompile>
    <ClCompile Include="MainGame.cpp">
      <Filter>00. MainGame</Filter>
    </ClCompile>
    <ClCompile Include="Obj.cpp">
      <Filter>01. Obj</Filter>
    </ClCompile>
    <ClCompile Include="Player.cpp">
      <Filter>01. Obj\00. Player</Filter>
    </ClCompile>
    <ClCompile Include="KeyMgr.cpp">
      <Filter>02. Managers\02. KeyMgr</Filter>
    </ClCompile>
    <ClCompile Include="LineMgr.cpp">
      <Filter>02. Managers\03. LineMgr</Filter>
    </ClCompile>
    <ClCompile Include="Line.cpp">
      <Filter>02. Managers\03. LineMgr\Line</Filter>
    </ClCompile>
    <ClCompile Include="Mouse.cpp">
      <Filter>01. Obj\01. Mouse</Filter>
    </ClCompile>
    <ClCompile Include="BmpMgr.cpp">
      <Filter>02. Managers\04. BmpMgr</Filter>
    </ClCompile>
    <ClCompile Include="MyBmp.cpp">
      <Filter>02. Managers\04. BmpMgr\MyBmp</Filter>
    </ClCompile>
    <ClCompile Include="Weapon.cpp">
      <Filter>01. Obj\02. Weapon</Filter>
    </ClCompile>
    <ClCompile Include="Sword.cpp">
      <Filter>01. Obj\02. Weapon\00. Sword</Filter>
    </ClCompile>
    <ClCompile Include="ScrollMgr.cpp">
      <Filter>02. Managers\05. ScrollMgr</Filter>
    </ClCompile>
    <ClCompile Include="Boss.cpp">
      <Filter>01. Obj\03. Boss</Filter>
    </ClCompile>
    <ClCompile Include="ObjMgr.cpp">
      <Filter>02. Managers\01. ObjMgr</Filter>
    </ClCompile>
    <ClCompile Include="CollisionMgr.cpp">
      <Filter>02. Managers\06. CollisionMgr</Filter>
    </ClCompile>
    <ClCompile Include="SceneMgr.cpp">
      <Filter>02. Managers\07. SceneMgr</Filter>
    </ClCompile>
    <ClCompile Include="Box.cpp">
      <Filter>01. Obj\04. Box</Filter>
    </ClCompile>
    <ClCompile Include="MyButton.cpp">
      <Filter>01. Obj\05. Button</Filter>
    </ClCompile>
    <ClCompile Include="Scene.cpp">
      <Filter>03. Scene</Filter>
    </ClCompile>
    <ClCompile Include="MyMenu.cpp">
      <Filter>03. Scene\01. Menu</Filter>
    </ClCompile>
    <ClCompile Include="Stage1.cpp">
      <Filter>03. Scene\02. Stage</Filter>
    </ClCompile>
    <ClCompile Include="BossLeftArm.cpp">
      <Filter>01. Obj\03. Boss\00. BossLeftArm</Filter>
    </ClCompile>
    <ClCompile Include="BossRightArm.cpp">
      <Filter>01. Obj\03. Boss\01. BossRightArm</Filter>
    </ClCompile>
    <ClCompile Include="Bullet.cpp">
      <Filter>01. Obj\06. Bullet</Filter>
    </ClCompile>
    <ClCompile Include="SoundMgr.cpp">
      <Filter>02. Managers\08. SoundMgr</Filter>
    </ClCompile>
  </ItemGroup>
  <ItemGroup>
    <ResourceCompile Include="DefaultWindow.rc">
      <Filter>02. Managers\리소스 파일</Filter>
    </ResourceCompile>
  </ItemGroup>
  <ItemGroup>
    <Image Include="small.ico">
      <Filter>02. Managers\리소스 파일</Filter>
    </Image>
    <Image Include="DefaultWindow.ico">
      <Filter>02. Managers\리소스 파일</Filter>
    </Image>
  </ItemGroup>
</Project>